{
  "name": "BabylonNative",
  "version": "0.0.1",
  "lockfileVersion": 1,
  "requires": true,
  "dependencies": {
    "babylonjs": {
      "version": "5.0.0-alpha.38",
      "resolved": "https://registry.npmjs.org/babylonjs/-/babylonjs-5.0.0-alpha.38.tgz",
      "integrity": "sha512-yZJhOaH+VVnTperRZzPJXqLdFB7oKr3HxRcauxhgD2iO7kHwDnbXIqQV2w1aRBtEv7s+N4WDhOikTV8F7rzN1w=="
    },
    "babylonjs-gltf2interface": {
      "version": "5.0.0-alpha.38",
      "resolved": "https://registry.npmjs.org/babylonjs-gltf2interface/-/babylonjs-gltf2interface-5.0.0-alpha.38.tgz",
      "integrity": "sha512-e1IRFMn3fKs79vAZwb0cAHmU97SwsLVnHWhoLPR+bDDjl4EjjwzmEmN3TBepO9jrySGm9oZ1CY5lhVWGMwsGsw=="
    },
    "babylonjs-gui": {
      "version": "5.0.0-alpha.38",
      "resolved": "https://registry.npmjs.org/babylonjs-gui/-/babylonjs-gui-5.0.0-alpha.38.tgz",
      "integrity": "sha512-hi4THagz4kEhN0l3A2ySDFPpJ9JDoNJ59azsQ/lqzj70ef/rGw1UHRJZX9hcBxJqxqE+/TxUshQrtVWJ5QlU8Q==",
      "requires": {
        "babylonjs": "5.0.0-alpha.38"
      }
    },
    "babylonjs-loaders": {
      "version": "5.0.0-alpha.38",
      "resolved": "https://registry.npmjs.org/babylonjs-loaders/-/babylonjs-loaders-5.0.0-alpha.38.tgz",
      "integrity": "sha512-he4sbb5RZt1a7FGBYj8oXB+XoYFr082hpZKnYjXLnwJjPmON0qHXPeJn0tnBhsPGDWKOiTyAQWnd9muzG5jiXg==",
      "requires": {
        "babylonjs": "5.0.0-alpha.38",
        "babylonjs-gltf2interface": "5.0.0-alpha.38"
      }
    },
    "babylonjs-materials": {
      "version": "5.0.0-alpha.38",
      "resolved": "https://registry.npmjs.org/babylonjs-materials/-/babylonjs-materials-5.0.0-alpha.38.tgz",
      "integrity": "sha512-ezHCmCtsZ6J0qnkEpLTiQj8qfzGqS4fBGbR5VMa5E2IFIHcqA6CFFClPvsg4rc4aWgkGSvA3hXi0xcpkaMilQw==",
      "requires": {
        "babylonjs": "5.0.0-alpha.38"
      }
    },
    "jsc-android": {
      "version": "241213.2.0",
      "resolved": "https://registry.npmjs.org/jsc-android/-/jsc-android-241213.2.0.tgz",
      "integrity": "sha512-nfddejB9jxFSG+Uewf+zwATFi8F2CZEEgoHLoOj13egiBDoC7zMoxK1c5/Ycf3AGmGuwCgjpn3LWe0f4tKYbjw=="
    },
    "v8-android": {
      "version": "7.8.2",
      "resolved": "https://registry.npmjs.org/v8-android/-/v8-android-7.8.2.tgz",
      "integrity": "sha512-LZLtehBxj4rLgf3+gWs3ITTmnVvlD3KQubLzFmtdI+l3G9tbi8ckWm6tJv7KQXZu3L/ok5M2bZz1AGnofPiMfQ=="
    }
  }
}
