{
  "name": "BabylonNative",
  "version": "0.0.1",
  "lockfileVersion": 1,
  "requires": true,
  "dependencies": {
    "babylonjs": {
      "version": "5.0.0-alpha.34",
      "resolved": "https://registry.npmjs.org/babylonjs/-/babylonjs-5.0.0-alpha.34.tgz",
      "integrity": "sha512-gxfeo9q3EuI4/Cwl8ioCvQUtk/KrxHWZtobblbnx4pxRzr0h32Cmurl+Iw6oesIbT8cUOmQc9MTCTO1M8pcNig=="
    },
    "babylonjs-gltf2interface": {
      "version": "5.0.0-alpha.34",
      "resolved": "https://registry.npmjs.org/babylonjs-gltf2interface/-/babylonjs-gltf2interface-5.0.0-alpha.34.tgz",
      "integrity": "sha512-BqcvLlTvVsPtQsCp/PtL0uIpNrJ1oas00N7kP1Lk7eDd+PUchIF1gvC/XvPR7QH6WABIvTcbi7Fr931OyIyxsw=="
    },
    "babylonjs-gui": {
      "version": "5.0.0-alpha.34",
      "resolved": "https://registry.npmjs.org/babylonjs-gui/-/babylonjs-gui-5.0.0-alpha.34.tgz",
      "integrity": "sha512-TIqt9FhJUphUWlAedD5FPXcpjBelIYC7NK1Qa6ZXfxcKgW2cqrfJ3A/A3bTeDPdCdMkUEJdu3m1PlFE8lqokiA==",
      "requires": {
        "babylonjs": "5.0.0-alpha.34"
      }
    },
    "babylonjs-loaders": {
      "version": "5.0.0-alpha.34",
      "resolved": "https://registry.npmjs.org/babylonjs-loaders/-/babylonjs-loaders-5.0.0-alpha.34.tgz",
      "integrity": "sha512-MjDJXtBygAVUtYr1IhCcdgVR5pjpEzDBxAp5S/dW7M2WUba/9klIFdxKkOZrW6pscrJpwIWqt67+WDe3z4UryA==",
      "requires": {
        "babylonjs": "5.0.0-alpha.34",
        "babylonjs-gltf2interface": "5.0.0-alpha.34"
      }
    },
    "babylonjs-materials": {
      "version": "5.0.0-alpha.34",
      "resolved": "https://registry.npmjs.org/babylonjs-materials/-/babylonjs-materials-5.0.0-alpha.34.tgz",
      "integrity": "sha512-nXVgPDAl3qm58eQ6q7Ujg3lAPfKeNxV9+e7Vqw3ftPwA1vrxHb7CJ/562TCqGVkR8kKl5lvj/iuvQ5LSnSYDOw==",
      "requires": {
        "babylonjs": "5.0.0-alpha.34"
      }
    },
    "jsc-android": {
      "version": "241213.2.0",
      "resolved": "https://registry.npmjs.org/jsc-android/-/jsc-android-241213.2.0.tgz",
      "integrity": "sha512-nfddejB9jxFSG+Uewf+zwATFi8F2CZEEgoHLoOj13egiBDoC7zMoxK1c5/Ycf3AGmGuwCgjpn3LWe0f4tKYbjw=="
    },
    "v8-android": {
      "version": "7.8.2",
      "resolved": "https://registry.npmjs.org/v8-android/-/v8-android-7.8.2.tgz",
      "integrity": "sha512-LZLtehBxj4rLgf3+gWs3ITTmnVvlD3KQubLzFmtdI+l3G9tbi8ckWm6tJv7KQXZu3L/ok5M2bZz1AGnofPiMfQ=="
    }
  }
}
