{
  "name": "BabylonNative",
  "version": "0.0.1",
  "lockfileVersion": 1,
  "requires": true,
  "dependencies": {
    "babylonjs": {
      "version": "5.0.0-alpha.37",
      "resolved": "https://registry.npmjs.org/babylonjs/-/babylonjs-5.0.0-alpha.37.tgz",
      "integrity": "sha512-xlkNaftJnlk9IiFtYte9LlQkXu9UtGLmzV/URhlMMkcrq5yV4eeR3uf6pOu7nEHNYxt+OHV4ASnZZeuetcOngg=="
    },
    "babylonjs-gltf2interface": {
      "version": "5.0.0-alpha.37",
      "resolved": "https://registry.npmjs.org/babylonjs-gltf2interface/-/babylonjs-gltf2interface-5.0.0-alpha.37.tgz",
      "integrity": "sha512-RZTavJcj6iePTdQ8kfthXMbtLRQO9UYyX4tCgdxmS6QqL3g8NhmtTDNjPw6EljLxstBTsAZEuV2M3pATmdOpyQ=="
    },
    "babylonjs-gui": {
      "version": "5.0.0-alpha.37",
      "resolved": "https://registry.npmjs.org/babylonjs-gui/-/babylonjs-gui-5.0.0-alpha.37.tgz",
      "integrity": "sha512-6zHrFYdnYdy9hCZSlcCBsfRlXm1BCSFpJG7BaHjx9Wvh61O3eElt4E1qnfEeUlRZ5ZOGUavMhpZjYm55oJE/hA==",
      "requires": {
        "babylonjs": "5.0.0-alpha.37"
      }
    },
    "babylonjs-loaders": {
      "version": "5.0.0-alpha.37",
      "resolved": "https://registry.npmjs.org/babylonjs-loaders/-/babylonjs-loaders-5.0.0-alpha.37.tgz",
      "integrity": "sha512-aSdbXocj42pCePGuAxNBh+VQfylllpQ38vrKz+N/XSamoWZKhIo9vYIYuD2qW5/SR7Tuxbrta2wGQJhF+bFa6Q==",
      "requires": {
        "babylonjs": "5.0.0-alpha.37",
        "babylonjs-gltf2interface": "5.0.0-alpha.37"
      }
    },
    "babylonjs-materials": {
      "version": "5.0.0-alpha.37",
      "resolved": "https://registry.npmjs.org/babylonjs-materials/-/babylonjs-materials-5.0.0-alpha.37.tgz",
      "integrity": "sha512-ld8aB/6lHdaxHCWHAiwzwaVKqAQj0k0Nht2J3hucIIrm7eYGWmAojubiwZi13hL5A/hzn0BFDsTSFVLFnaAoWQ==",
      "requires": {
        "babylonjs": "5.0.0-alpha.37"
      }
    },
    "jsc-android": {
      "version": "241213.2.0",
      "resolved": "https://registry.npmjs.org/jsc-android/-/jsc-android-241213.2.0.tgz",
      "integrity": "sha512-nfddejB9jxFSG+Uewf+zwATFi8F2CZEEgoHLoOj13egiBDoC7zMoxK1c5/Ycf3AGmGuwCgjpn3LWe0f4tKYbjw=="
    },
    "v8-android": {
      "version": "7.8.2",
      "resolved": "https://registry.npmjs.org/v8-android/-/v8-android-7.8.2.tgz",
      "integrity": "sha512-LZLtehBxj4rLgf3+gWs3ITTmnVvlD3KQubLzFmtdI+l3G9tbi8ckWm6tJv7KQXZu3L/ok5M2bZz1AGnofPiMfQ=="
    }
  }
}
